
Microsoft Visual Studio Solution File, Format Version 12.00
# Visual Studio Version 16
VisualStudioVersion = 16.0.31911.196
MinimumVisualStudioVersion = 10.0.40219.1
Project("{9A19103F-16F7-4668-BE54-9A1E7A4F7556}") = "CentraalBureauViegvaardigheden.Service", "CentraalBureauVliegvaardigheden\CentraalBureauViegvaardigheden.Service.csproj", "{6CC7AE1A-0FD3-4429-89CA-449BA846581C}"
EndProject
Project("{FAE04EC0-301F-11D3-BF4B-00C04F79EFBC}") = "CentraalBureauVliegvaardigheden.Domain", "CentraalBureauVliegvaardigheden.Domain\CentraalBureauVliegvaardigheden.Domain.csproj", "{131FC476-4FED-4780-8C61-E3F54A172889}"
EndProject
Project("{FAE04EC0-301F-11D3-BF4B-00C04F79EFBC}") = "CentraalBureauVliegvaardigheden.LocalData", "CentraalBureauVliegvaardigheden.LocalData\CentraalBureauVliegvaardigheden.LocalData.csproj", "{44889840-EDC9-445B-829C-37FCBF2AA361}"
EndProject
Project("{FAE04EC0-301F-11D3-BF4B-00C04F79EFBC}") = "ShipsInSpace.Web", "ShipsInSpace.Web\ShipsInSpace.Web.csproj", "{644EE051-1027-4095-B729-16DCCB142315}"
EndProject
Project("{2150E333-8FDC-42A3-9474-1A3956D46DE8}") = "Readonly Projecten", "Readonly Projecten", "{7BFAE3B2-6D2C-499D-B15C-6749A9057413}"
EndProject
Global
	GlobalSection(SolutionConfigurationPlatforms) = preSolution
		Debug|Any CPU = Debug|Any CPU
		Release|Any CPU = Release|Any CPU
	EndGlobalSection
	GlobalSection(ProjectConfigurationPlatforms) = postSolution
		{6CC7AE1A-0FD3-4429-89CA-449BA846581C}.Debug|Any CPU.ActiveCfg = Debug|Any CPU
		{6CC7AE1A-0FD3-4429-89CA-449BA846581C}.Debug|Any CPU.Build.0 = Debug|Any CPU
		{6CC7AE1A-0FD3-4429-89CA-449BA846581C}.Release|Any CPU.ActiveCfg = Release|Any CPU
		{6CC7AE1A-0FD3-4429-89CA-449BA846581C}.Release|Any CPU.Build.0 = Release|Any CPU
		{131FC476-4FED-4780-8C61-E3F54A172889}.Debug|Any CPU.ActiveCfg = Debug|Any CPU
		{131FC476-4FED-4780-8C61-E3F54A172889}.Debug|Any CPU.Build.0 = Debug|Any CPU
		{131FC476-4FED-4780-8C61-E3F54A172889}.Release|Any CPU.ActiveCfg = Release|Any CPU
		{131FC476-4FED-4780-8C61-E3F54A172889}.Release|Any CPU.Build.0 = Release|Any CPU
		{44889840-EDC9-445B-829C-37FCBF2AA361}.Debug|Any CPU.ActiveCfg = Debug|Any CPU
		{44889840-EDC9-445B-829C-37FCBF2AA361}.Debug|Any CPU.Build.0 = Debug|Any CPU
		{44889840-EDC9-445B-829C-37FCBF2AA361}.Release|Any CPU.ActiveCfg = Release|Any CPU
		{44889840-EDC9-445B-829C-37FCBF2AA361}.Release|Any CPU.Build.0 = Release|Any CPU
		{644EE051-1027-4095-B729-16DCCB142315}.Debug|Any CPU.ActiveCfg = Debug|Any CPU
		{644EE051-1027-4095-B729-16DCCB142315}.Debug|Any CPU.Build.0 = Debug|Any CPU
		{644EE051-1027-4095-B729-16DCCB142315}.Release|Any CPU.ActiveCfg = Release|Any CPU
		{644EE051-1027-4095-B729-16DCCB142315}.Release|Any CPU.Build.0 = Release|Any CPU
	EndGlobalSection
	GlobalSection(SolutionProperties) = preSolution
		HideSolutionNode = FALSE
	EndGlobalSection
	GlobalSection(NestedProjects) = preSolution
		{6CC7AE1A-0FD3-4429-89CA-449BA846581C} = {7BFAE3B2-6D2C-499D-B15C-6749A9057413}
		{131FC476-4FED-4780-8C61-E3F54A172889} = {7BFAE3B2-6D2C-499D-B15C-6749A9057413}
		{44889840-EDC9-445B-829C-37FCBF2AA361} = {7BFAE3B2-6D2C-499D-B15C-6749A9057413}
	EndGlobalSection
	GlobalSection(ExtensibilityGlobals) = postSolution
		SolutionGuid = {4E2A4AAF-4233-4FDE-BC62-9EFE5E9569A2}
	EndGlobalSection
EndGlobal
